
Microsoft Visual Studio Solution File, Format Version 12.00
# Visual Studio Version 16
VisualStudioVersion = 16.0.32802.440
MinimumVisualStudioVersion = 10.0.40219.1
Project("{888888A0-9F3D-457C-B088-3A5042F75D52}") = "16_LISTAS8", "16_LISTAS8\16_LISTAS8.pyproj", "{65896AA5-4578-43FE-8F6E-9D09F398F82E}"
EndProject
Global
	GlobalSection(SolutionConfigurationPlatforms) = preSolution
		Debug|Any CPU = Debug|Any CPU
		Release|Any CPU = Release|Any CPU
	EndGlobalSection
	GlobalSection(ProjectConfigurationPlatforms) = postSolution
		{65896AA5-4578-43FE-8F6E-9D09F398F82E}.Debug|Any CPU.ActiveCfg = Debug|Any CPU
		{65896AA5-4578-43FE-8F6E-9D09F398F82E}.Release|Any CPU.ActiveCfg = Release|Any CPU
	EndGlobalSection
	GlobalSection(SolutionProperties) = preSolution
		HideSolutionNode = FALSE
	EndGlobalSection
	GlobalSection(ExtensibilityGlobals) = postSolution
		SolutionGuid = {F8E14B9B-8810-4EBF-B5F0-BD42296A0DCD}
	EndGlobalSection
EndGlobal
