
Microsoft Visual Studio Solution File, Format Version 12.00
# Visual Studio Version 16
VisualStudioVersion = 16.0.32802.440
MinimumVisualStudioVersion = 10.0.40219.1
Project("{888888A0-9F3D-457C-B088-3A5042F75D52}") = "12_LISTAS4", "12_LISTAS4\12_LISTAS4.pyproj", "{4A3322EF-F568-4FA5-AE1A-6E7DFF2ED7B5}"
EndProject
Global
	GlobalSection(SolutionConfigurationPlatforms) = preSolution
		Debug|Any CPU = Debug|Any CPU
		Release|Any CPU = Release|Any CPU
	EndGlobalSection
	GlobalSection(ProjectConfigurationPlatforms) = postSolution
		{4A3322EF-F568-4FA5-AE1A-6E7DFF2ED7B5}.Debug|Any CPU.ActiveCfg = Debug|Any CPU
		{4A3322EF-F568-4FA5-AE1A-6E7DFF2ED7B5}.Release|Any CPU.ActiveCfg = Release|Any CPU
	EndGlobalSection
	GlobalSection(SolutionProperties) = preSolution
		HideSolutionNode = FALSE
	EndGlobalSection
	GlobalSection(ExtensibilityGlobals) = postSolution
		SolutionGuid = {F1074415-6573-49DC-8002-33B7E63D8202}
	EndGlobalSection
EndGlobal
