
Microsoft Visual Studio Solution File, Format Version 12.00
# Visual Studio Version 16
VisualStudioVersion = 16.0.32802.440
MinimumVisualStudioVersion = 10.0.40219.1
Project("{888888A0-9F3D-457C-B088-3A5042F75D52}") = "7_EXPONENTES", "7_EXPONENTES\7_EXPONENTES.pyproj", "{1AF41D12-77A3-4204-8444-FC5897D68DFC}"
EndProject
Global
	GlobalSection(SolutionConfigurationPlatforms) = preSolution
		Debug|Any CPU = Debug|Any CPU
		Release|Any CPU = Release|Any CPU
	EndGlobalSection
	GlobalSection(ProjectConfigurationPlatforms) = postSolution
		{1AF41D12-77A3-4204-8444-FC5897D68DFC}.Debug|Any CPU.ActiveCfg = Debug|Any CPU
		{1AF41D12-77A3-4204-8444-FC5897D68DFC}.Release|Any CPU.ActiveCfg = Release|Any CPU
	EndGlobalSection
	GlobalSection(SolutionProperties) = preSolution
		HideSolutionNode = FALSE
	EndGlobalSection
	GlobalSection(ExtensibilityGlobals) = postSolution
		SolutionGuid = {83EE258A-24F2-4EE1-BFBB-1A642E3A70CC}
	EndGlobalSection
EndGlobal
