
Microsoft Visual Studio Solution File, Format Version 12.00
# Visual Studio Version 16
VisualStudioVersion = 16.0.32802.440
MinimumVisualStudioVersion = 10.0.40219.1
Project("{888888A0-9F3D-457C-B088-3A5042F75D52}") = "13_LISTAS5", "13_LISTAS5\13_LISTAS5.pyproj", "{968DAB88-10F7-4056-A766-86AA5F908C12}"
EndProject
Global
	GlobalSection(SolutionConfigurationPlatforms) = preSolution
		Debug|Any CPU = Debug|Any CPU
		Release|Any CPU = Release|Any CPU
	EndGlobalSection
	GlobalSection(ProjectConfigurationPlatforms) = postSolution
		{968DAB88-10F7-4056-A766-86AA5F908C12}.Debug|Any CPU.ActiveCfg = Debug|Any CPU
		{968DAB88-10F7-4056-A766-86AA5F908C12}.Release|Any CPU.ActiveCfg = Release|Any CPU
	EndGlobalSection
	GlobalSection(SolutionProperties) = preSolution
		HideSolutionNode = FALSE
	EndGlobalSection
	GlobalSection(ExtensibilityGlobals) = postSolution
		SolutionGuid = {59441F73-5B61-4B6E-8CCD-1BDB0905D19B}
	EndGlobalSection
EndGlobal
