
Microsoft Visual Studio Solution File, Format Version 12.00
# Visual Studio Version 16
VisualStudioVersion = 16.0.32802.440
MinimumVisualStudioVersion = 10.0.40219.1
Project("{888888A0-9F3D-457C-B088-3A5042F75D52}") = "4_STRINGS3", "4_STRINGS3\4_STRINGS3.pyproj", "{AF53EEC1-B3A1-442C-8848-9E3EF21CFDC5}"
EndProject
Global
	GlobalSection(SolutionConfigurationPlatforms) = preSolution
		Debug|Any CPU = Debug|Any CPU
		Release|Any CPU = Release|Any CPU
	EndGlobalSection
	GlobalSection(ProjectConfigurationPlatforms) = postSolution
		{AF53EEC1-B3A1-442C-8848-9E3EF21CFDC5}.Debug|Any CPU.ActiveCfg = Debug|Any CPU
		{AF53EEC1-B3A1-442C-8848-9E3EF21CFDC5}.Release|Any CPU.ActiveCfg = Release|Any CPU
	EndGlobalSection
	GlobalSection(SolutionProperties) = preSolution
		HideSolutionNode = FALSE
	EndGlobalSection
	GlobalSection(ExtensibilityGlobals) = postSolution
		SolutionGuid = {003F6892-3AFC-44AB-A97C-5EB605BAB753}
	EndGlobalSection
EndGlobal
